
Microsoft Visual Studio Solution File, Format Version 12.00
# Visual Studio 2015
Project("{FAE04EC0-301F-11D3-BF4B-00C04F79EFBC}") = "ProjectCtrl.CSharp.Plugins", "ProjectCtrl.CSharp.Plugins.csproj", "{4587F64F-2D50-65F9-5198-19FAE52B50A8}"
EndProject
Project("{FAE04EC0-301F-11D3-BF4B-00C04F79EFBC}") = "ProjectCtrl.CSharp", "ProjectCtrl.CSharp.csproj", "{B83AF9D7-5FEE-6BA5-0581-33BE9F92C741}"
EndProject
Project("{FAE04EC0-301F-11D3-BF4B-00C04F79EFBC}") = "ProjectCtrl.CSharp.Editor", "ProjectCtrl.CSharp.Editor.csproj", "{D4586521-4479-FC2E-2DD4-F5EF424F4CF5}"
EndProject
Global
	GlobalSection(SolutionConfigurationPlatforms) = preSolution
		Debug|Any CPU = Debug|Any CPU
		Release|Any CPU = Release|Any CPU
	EndGlobalSection
	GlobalSection(ProjectConfigurationPlatforms) = postSolution
		{4587F64F-2D50-65F9-5198-19FAE52B50A8}.Debug|Any CPU.ActiveCfg = Debug|Any CPU
		{4587F64F-2D50-65F9-5198-19FAE52B50A8}.Debug|Any CPU.Build.0 = Debug|Any CPU
		{4587F64F-2D50-65F9-5198-19FAE52B50A8}.Release|Any CPU.ActiveCfg = Release|Any CPU
		{4587F64F-2D50-65F9-5198-19FAE52B50A8}.Release|Any CPU.Build.0 = Release|Any CPU
		{B83AF9D7-5FEE-6BA5-0581-33BE9F92C741}.Debug|Any CPU.ActiveCfg = Debug|Any CPU
		{B83AF9D7-5FEE-6BA5-0581-33BE9F92C741}.Debug|Any CPU.Build.0 = Debug|Any CPU
		{B83AF9D7-5FEE-6BA5-0581-33BE9F92C741}.Release|Any CPU.ActiveCfg = Release|Any CPU
		{B83AF9D7-5FEE-6BA5-0581-33BE9F92C741}.Release|Any CPU.Build.0 = Release|Any CPU
		{D4586521-4479-FC2E-2DD4-F5EF424F4CF5}.Debug|Any CPU.ActiveCfg = Debug|Any CPU
		{D4586521-4479-FC2E-2DD4-F5EF424F4CF5}.Debug|Any CPU.Build.0 = Debug|Any CPU
		{D4586521-4479-FC2E-2DD4-F5EF424F4CF5}.Release|Any CPU.ActiveCfg = Release|Any CPU
		{D4586521-4479-FC2E-2DD4-F5EF424F4CF5}.Release|Any CPU.Build.0 = Release|Any CPU
	EndGlobalSection
	GlobalSection(SolutionProperties) = preSolution
		HideSolutionNode = FALSE
	EndGlobalSection
EndGlobal
